
Microsoft Visual Studio Solution File, Format Version 12.00
Project("{2150E333-8FDC-42A3-9474-1A3956D46DE8}") = "src", "src", "{FA10644D-1692-4B3C-9D03-78164DBAE9AA}"
EndProject
Project("{2150E333-8FDC-42A3-9474-1A3956D46DE8}") = "tests", "tests", "{C6F1812D-26E7-40A9-B665-28538EA47880}"
EndProject
Project("{FAE04EC0-301F-11D3-BF4B-00C04F79EFBC}") = "NHSHealthPortal.Core", "src\NHSHealthPortal.Core\NHSHealthPortal.Core.csproj", "{38261D43-2FD8-449B-BC16-3D33A2E1EC70}"
EndProject
Project("{FAE04EC0-301F-11D3-BF4B-00C04F79EFBC}") = "NHSHealthPortal.Data", "src\NHSHealthPortal.Data\NHSHealthPortal.Data.csproj", "{7E8DF09E-5098-4E97-B1B5-390F5B7D60A8}"
EndProject
Project("{FAE04EC0-301F-11D3-BF4B-00C04F79EFBC}") = "NHSHealthPortal.API", "src\NHSHealthPortal.API\NHSHealthPortal.API.csproj", "{CC2423B3-43A6-4BC3-A56E-97251DA887A1}"
EndProject
Project("{FAE04EC0-301F-11D3-BF4B-00C04F79EFBC}") = "NHSHealthPortal.Tests", "NHSHealthPortal.Tests\NHSHealthPortal.Tests.csproj", "{BAD3DF1F-6876-4882-AC1A-3F4BC58C2FA7}"
EndProject
Global
	GlobalSection(SolutionConfigurationPlatforms) = preSolution
		Debug|Any CPU = Debug|Any CPU
		Release|Any CPU = Release|Any CPU
	EndGlobalSection
	GlobalSection(NestedProjects) = preSolution
		{38261D43-2FD8-449B-BC16-3D33A2E1EC70} = {FA10644D-1692-4B3C-9D03-78164DBAE9AA}
		{7E8DF09E-5098-4E97-B1B5-390F5B7D60A8} = {FA10644D-1692-4B3C-9D03-78164DBAE9AA}
		{CC2423B3-43A6-4BC3-A56E-97251DA887A1} = {FA10644D-1692-4B3C-9D03-78164DBAE9AA}
		{BAD3DF1F-6876-4882-AC1A-3F4BC58C2FA7} = {C6F1812D-26E7-40A9-B665-28538EA47880}
	EndGlobalSection
	GlobalSection(ProjectConfigurationPlatforms) = postSolution
		{38261D43-2FD8-449B-BC16-3D33A2E1EC70}.Debug|Any CPU.ActiveCfg = Debug|Any CPU
		{38261D43-2FD8-449B-BC16-3D33A2E1EC70}.Debug|Any CPU.Build.0 = Debug|Any CPU
		{38261D43-2FD8-449B-BC16-3D33A2E1EC70}.Release|Any CPU.ActiveCfg = Release|Any CPU
		{38261D43-2FD8-449B-BC16-3D33A2E1EC70}.Release|Any CPU.Build.0 = Release|Any CPU
		{7E8DF09E-5098-4E97-B1B5-390F5B7D60A8}.Debug|Any CPU.ActiveCfg = Debug|Any CPU
		{7E8DF09E-5098-4E97-B1B5-390F5B7D60A8}.Debug|Any CPU.Build.0 = Debug|Any CPU
		{7E8DF09E-5098-4E97-B1B5-390F5B7D60A8}.Release|Any CPU.ActiveCfg = Release|Any CPU
		{7E8DF09E-5098-4E97-B1B5-390F5B7D60A8}.Release|Any CPU.Build.0 = Release|Any CPU
		{CC2423B3-43A6-4BC3-A56E-97251DA887A1}.Debug|Any CPU.ActiveCfg = Debug|Any CPU
		{CC2423B3-43A6-4BC3-A56E-97251DA887A1}.Debug|Any CPU.Build.0 = Debug|Any CPU
		{CC2423B3-43A6-4BC3-A56E-97251DA887A1}.Release|Any CPU.ActiveCfg = Release|Any CPU
		{CC2423B3-43A6-4BC3-A56E-97251DA887A1}.Release|Any CPU.Build.0 = Release|Any CPU
		{BAD3DF1F-6876-4882-AC1A-3F4BC58C2FA7}.Debug|Any CPU.ActiveCfg = Debug|Any CPU
		{BAD3DF1F-6876-4882-AC1A-3F4BC58C2FA7}.Debug|Any CPU.Build.0 = Debug|Any CPU
		{BAD3DF1F-6876-4882-AC1A-3F4BC58C2FA7}.Release|Any CPU.ActiveCfg = Release|Any CPU
		{BAD3DF1F-6876-4882-AC1A-3F4BC58C2FA7}.Release|Any CPU.Build.0 = Release|Any CPU
	EndGlobalSection
EndGlobal
